
Microsoft Visual Studio Solution File, Format Version 12.00
# Visual Studio Version 17
VisualStudioVersion = 17.1.32319.34
MinimumVisualStudioVersion = 10.0.40219.1
Project("{9A19103F-16F7-4668-BE54-9A1E7A4F7556}") = "GraphQlCosmosDbStarter.Api", "GraphQlCosmosDbStarter.Api\GraphQlCosmosDbStarter.Api.csproj", "{8E2C59D2-84C5-4340-AA2A-CBD24E0482F3}"
EndProject
Project("{9A19103F-16F7-4668-BE54-9A1E7A4F7556}") = "GraphQlCosmosDbStarter.Data", "GraphQlCosmosDbStarter.Data\GraphQlCosmosDbStarter.Data.csproj", "{66702BD0-0C70-4905-A125-B0EEDB7223E5}"
EndProject
Project("{2150E333-8FDC-42A3-9474-1A3956D46DE8}") = "Tests", "Tests", "{E106C06A-C034-44FC-A7D0-EB0139616264}"
EndProject
Project("{9A19103F-16F7-4668-BE54-9A1E7A4F7556}") = "GraphQlCosmosDbStarter.TestDataGenerator", "GraphQlCosmosDbStarter.TestDataGenerator\GraphQlCosmosDbStarter.TestDataGenerator.csproj", "{B5B79852-3DC3-44F2-A2BC-08AA47EDC123}"
EndProject
Project("{2150E333-8FDC-42A3-9474-1A3956D46DE8}") = "SolutionItems", "SolutionItems", "{9F54058D-A98E-452A-B97B-C2AD07A9F41E}"
	ProjectSection(SolutionItems) = preProject
		.dockerignore = .dockerignore
		.editorconfig = .editorconfig
		.gitignore = .gitignore
		GraphQl-CosmosDb-Starter.sln.DotSettings = GraphQl-CosmosDb-Starter.sln.DotSettings
		LICENSE = LICENSE
		README.md = README.md
	EndProjectSection
EndProject
Global
	GlobalSection(SolutionConfigurationPlatforms) = preSolution
		Debug|Any CPU = Debug|Any CPU
		Release|Any CPU = Release|Any CPU
	EndGlobalSection
	GlobalSection(ProjectConfigurationPlatforms) = postSolution
		{8E2C59D2-84C5-4340-AA2A-CBD24E0482F3}.Debug|Any CPU.ActiveCfg = Debug|Any CPU
		{8E2C59D2-84C5-4340-AA2A-CBD24E0482F3}.Debug|Any CPU.Build.0 = Debug|Any CPU
		{8E2C59D2-84C5-4340-AA2A-CBD24E0482F3}.Release|Any CPU.ActiveCfg = Release|Any CPU
		{8E2C59D2-84C5-4340-AA2A-CBD24E0482F3}.Release|Any CPU.Build.0 = Release|Any CPU
		{66702BD0-0C70-4905-A125-B0EEDB7223E5}.Debug|Any CPU.ActiveCfg = Debug|Any CPU
		{66702BD0-0C70-4905-A125-B0EEDB7223E5}.Debug|Any CPU.Build.0 = Debug|Any CPU
		{66702BD0-0C70-4905-A125-B0EEDB7223E5}.Release|Any CPU.ActiveCfg = Release|Any CPU
		{66702BD0-0C70-4905-A125-B0EEDB7223E5}.Release|Any CPU.Build.0 = Release|Any CPU
		{B5B79852-3DC3-44F2-A2BC-08AA47EDC123}.Debug|Any CPU.ActiveCfg = Debug|Any CPU
		{B5B79852-3DC3-44F2-A2BC-08AA47EDC123}.Debug|Any CPU.Build.0 = Debug|Any CPU
		{B5B79852-3DC3-44F2-A2BC-08AA47EDC123}.Release|Any CPU.ActiveCfg = Release|Any CPU
		{B5B79852-3DC3-44F2-A2BC-08AA47EDC123}.Release|Any CPU.Build.0 = Release|Any CPU
	EndGlobalSection
	GlobalSection(SolutionProperties) = preSolution
		HideSolutionNode = FALSE
	EndGlobalSection
	GlobalSection(NestedProjects) = preSolution
		{B5B79852-3DC3-44F2-A2BC-08AA47EDC123} = {E106C06A-C034-44FC-A7D0-EB0139616264}
	EndGlobalSection
	GlobalSection(ExtensibilityGlobals) = postSolution
		SolutionGuid = {7FF26801-12F2-4418-8E66-597E0EA5D511}
	EndGlobalSection
EndGlobal
